
Microsoft Visual Studio Solution File, Format Version 12.00
# Visual Studio Version 17
VisualStudioVersion = 17.1.32210.238
MinimumVisualStudioVersion = 10.0.40219.1
Project("{2150E333-8FDC-42A3-9474-1A3956D46DE8}") = "src", "src", "{66BA2EAB-FBA0-4424-B827-20A55A178123}"
EndProject
Project("{2150E333-8FDC-42A3-9474-1A3956D46DE8}") = "API", "API", "{62378B1F-9EDD-4E23-AE7F-32C75CF02420}"
EndProject
Project("{2150E333-8FDC-42A3-9474-1A3956D46DE8}") = "Core", "Core", "{229C8622-2B38-41B7-963C-8AB8B6FC8660}"
EndProject
Project("{2150E333-8FDC-42A3-9474-1A3956D46DE8}") = "Infrastructure", "Infrastructure", "{E6D73609-1FAD-4C8C-83DC-54F8027D2D06}"
EndProject
Project("{2150E333-8FDC-42A3-9474-1A3956D46DE8}") = "UI", "UI", "{A41BA521-8D0B-4EC9-9844-4D78D5FCFD89}"
EndProject
Project("{9A19103F-16F7-4668-BE54-9A1E7A4F7556}") = "HR-Leave-Managment-System.Domain", "HR-Leave-Managment-System.Domain\HR-Leave-Managment-System.Domain.csproj", "{38C9DD42-0FA1-4820-997E-23E3D5CF132E}"
EndProject
Project("{9A19103F-16F7-4668-BE54-9A1E7A4F7556}") = "HR-Leave-Managment-System.Application", "HR-Leave-Managment-System.Application\HR-Leave-Managment-System.Application.csproj", "{258583AC-F5FA-479F-863D-37E80967AB70}"
EndProject
Project("{2150E333-8FDC-42A3-9474-1A3956D46DE8}") = "tests", "tests", "{9C168669-1345-4FF3-8036-F50B19D1AA2F}"
EndProject
Global
	GlobalSection(SolutionConfigurationPlatforms) = preSolution
		Debug|Any CPU = Debug|Any CPU
		Release|Any CPU = Release|Any CPU
	EndGlobalSection
	GlobalSection(ProjectConfigurationPlatforms) = postSolution
		{38C9DD42-0FA1-4820-997E-23E3D5CF132E}.Debug|Any CPU.ActiveCfg = Debug|Any CPU
		{38C9DD42-0FA1-4820-997E-23E3D5CF132E}.Debug|Any CPU.Build.0 = Debug|Any CPU
		{38C9DD42-0FA1-4820-997E-23E3D5CF132E}.Release|Any CPU.ActiveCfg = Release|Any CPU
		{38C9DD42-0FA1-4820-997E-23E3D5CF132E}.Release|Any CPU.Build.0 = Release|Any CPU
		{258583AC-F5FA-479F-863D-37E80967AB70}.Debug|Any CPU.ActiveCfg = Debug|Any CPU
		{258583AC-F5FA-479F-863D-37E80967AB70}.Debug|Any CPU.Build.0 = Debug|Any CPU
		{258583AC-F5FA-479F-863D-37E80967AB70}.Release|Any CPU.ActiveCfg = Release|Any CPU
		{258583AC-F5FA-479F-863D-37E80967AB70}.Release|Any CPU.Build.0 = Release|Any CPU
	EndGlobalSection
	GlobalSection(SolutionProperties) = preSolution
		HideSolutionNode = FALSE
	EndGlobalSection
	GlobalSection(NestedProjects) = preSolution
		{62378B1F-9EDD-4E23-AE7F-32C75CF02420} = {66BA2EAB-FBA0-4424-B827-20A55A178123}
		{229C8622-2B38-41B7-963C-8AB8B6FC8660} = {66BA2EAB-FBA0-4424-B827-20A55A178123}
		{E6D73609-1FAD-4C8C-83DC-54F8027D2D06} = {66BA2EAB-FBA0-4424-B827-20A55A178123}
		{A41BA521-8D0B-4EC9-9844-4D78D5FCFD89} = {66BA2EAB-FBA0-4424-B827-20A55A178123}
		{38C9DD42-0FA1-4820-997E-23E3D5CF132E} = {229C8622-2B38-41B7-963C-8AB8B6FC8660}
		{258583AC-F5FA-479F-863D-37E80967AB70} = {229C8622-2B38-41B7-963C-8AB8B6FC8660}
	EndGlobalSection
	GlobalSection(ExtensibilityGlobals) = postSolution
		SolutionGuid = {626CF53D-B227-4EAD-8C13-160D55583AB3}
	EndGlobalSection
EndGlobal
